// !$*UTF8*$!
{
	archiveVersion = 1;
	classes = {
	};
	objectVersion = 47;
	objects = {

/* Begin PBXBuildFile section */
		2307EE591C0BAE8000843582 /* Events.h in Headers */ = {isa = PBXBuildFile; fileRef = 2307EE581C0BAE8000843582 /* Events.h */; settings = {ATTRIBUTES = (Public, ); }; };
		2307EE601C0BAE8000843582 /* Events.framework in Frameworks */ = {isa = PBXBuildFile; fileRef = 2307EE551C0BAE8000843582 /* Events.framework */; };
		2307EEBC1C0CAB9900843582 /* Utils.swift in Sources */ = {isa = PBXBuildFile; fileRef = 2307EEBB1C0CAB9900843582 /* Utils.swift */; };
		230A0B411CCEAE3D00BCA5CD /* WatchConnectivity.framework in Frameworks */ = {isa = PBXBuildFile; fileRef = 230A0B401CCEAE3D00BCA5CD /* WatchConnectivity.framework */; };
		230A0B431CCEAE5700BCA5CD /* WatchConnectivity.framework in Frameworks */ = {isa = PBXBuildFile; fileRef = 230A0B421CCEAE5700BCA5CD /* WatchConnectivity.framework */; };
		231C4C101D42D4B000EC74AC /* TypedEventManagerHost+ParameterlessCallback.swift in Sources */ = {isa = PBXBuildFile; fileRef = 231C4C0F1D42D4B000EC74AC /* TypedEventManagerHost+ParameterlessCallback.swift */; };
		231C4C111D42D4B000EC74AC /* TypedEventManagerHost+ParameterlessCallback.swift in Sources */ = {isa = PBXBuildFile; fileRef = 231C4C0F1D42D4B000EC74AC /* TypedEventManagerHost+ParameterlessCallback.swift */; };
		231C4C121D42D4B000EC74AC /* TypedEventManagerHost+ParameterlessCallback.swift in Sources */ = {isa = PBXBuildFile; fileRef = 231C4C0F1D42D4B000EC74AC /* TypedEventManagerHost+ParameterlessCallback.swift */; };
		231C4C141D42D69600EC74AC /* TypedEventManagerHost+PublisherCallback.swift in Sources */ = {isa = PBXBuildFile; fileRef = 231C4C131D42D69600EC74AC /* TypedEventManagerHost+PublisherCallback.swift */; };
		231C4C151D42D69600EC74AC /* TypedEventManagerHost+PublisherCallback.swift in Sources */ = {isa = PBXBuildFile; fileRef = 231C4C131D42D69600EC74AC /* TypedEventManagerHost+PublisherCallback.swift */; };
		231C4C161D42D69600EC74AC /* TypedEventManagerHost+PublisherCallback.swift in Sources */ = {isa = PBXBuildFile; fileRef = 231C4C131D42D69600EC74AC /* TypedEventManagerHost+PublisherCallback.swift */; };
		231C4C181D42D78900EC74AC /* TypedEventManagerHost+PublisherDataCallback.swift in Sources */ = {isa = PBXBuildFile; fileRef = 231C4C171D42D78900EC74AC /* TypedEventManagerHost+PublisherDataCallback.swift */; };
		231C4C191D42D78900EC74AC /* TypedEventManagerHost+PublisherDataCallback.swift in Sources */ = {isa = PBXBuildFile; fileRef = 231C4C171D42D78900EC74AC /* TypedEventManagerHost+PublisherDataCallback.swift */; };
		231C4C1A1D42D78900EC74AC /* TypedEventManagerHost+PublisherDataCallback.swift in Sources */ = {isa = PBXBuildFile; fileRef = 231C4C171D42D78900EC74AC /* TypedEventManagerHost+PublisherDataCallback.swift */; };
		231C4C1F1D42DB0600EC74AC /* TestTypedEventManager.swift in Sources */ = {isa = PBXBuildFile; fileRef = 231C4C1B1D42DAD500EC74AC /* TestTypedEventManager.swift */; };
		231C4C201D42DB0700EC74AC /* TestTypedEventManager.swift in Sources */ = {isa = PBXBuildFile; fileRef = 231C4C1B1D42DAD500EC74AC /* TestTypedEventManager.swift */; };
		231C4C221D42DB1C00EC74AC /* TypedEvents.swift in Sources */ = {isa = PBXBuildFile; fileRef = 231C4C211D42DB1C00EC74AC /* TypedEvents.swift */; };
		231C4C231D42DB1C00EC74AC /* TypedEvents.swift in Sources */ = {isa = PBXBuildFile; fileRef = 231C4C211D42DB1C00EC74AC /* TypedEvents.swift */; };
		231C4C251D42DDC400EC74AC /* TypedEventManagerHosts.swift in Sources */ = {isa = PBXBuildFile; fileRef = 231C4C241D42DDC400EC74AC /* TypedEventManagerHosts.swift */; };
		231C4C261D42DDC400EC74AC /* TypedEventManagerHosts.swift in Sources */ = {isa = PBXBuildFile; fileRef = 231C4C241D42DDC400EC74AC /* TypedEventManagerHosts.swift */; };
		231C4C281D42DE6000EC74AC /* TestTypedEventManagerHost.swift in Sources */ = {isa = PBXBuildFile; fileRef = 231C4C271D42DE6000EC74AC /* TestTypedEventManagerHost.swift */; };
		231C4C291D42DE6000EC74AC /* TestTypedEventManagerHost.swift in Sources */ = {isa = PBXBuildFile; fileRef = 231C4C271D42DE6000EC74AC /* TestTypedEventManagerHost.swift */; };
		231C4C2B1D42E2C500EC74AC /* TestEventManager.swift in Sources */ = {isa = PBXBuildFile; fileRef = 231C4C2A1D42E2C500EC74AC /* TestEventManager.swift */; };
		231C4C2C1D42E2C500EC74AC /* TestEventManager.swift in Sources */ = {isa = PBXBuildFile; fileRef = 231C4C2A1D42E2C500EC74AC /* TestEventManager.swift */; };
		231C4C2E1D42E41700EC74AC /* TestEventManagerHost.swift in Sources */ = {isa = PBXBuildFile; fileRef = 231C4C2D1D42E41700EC74AC /* TestEventManagerHost.swift */; };
		231C4C2F1D42E41700EC74AC /* TestEventManagerHost.swift in Sources */ = {isa = PBXBuildFile; fileRef = 231C4C2D1D42E41700EC74AC /* TestEventManagerHost.swift */; };
		231C4C311D42E43000EC74AC /* EventManagerHosts.swift in Sources */ = {isa = PBXBuildFile; fileRef = 231C4C301D42E43000EC74AC /* EventManagerHosts.swift */; };
		231C4C321D42E43000EC74AC /* EventManagerHosts.swift in Sources */ = {isa = PBXBuildFile; fileRef = 231C4C301D42E43000EC74AC /* EventManagerHosts.swift */; };
		231C4C351D48141F00EC74AC /* Channel.swift in Sources */ = {isa = PBXBuildFile; fileRef = 231C4C341D48141F00EC74AC /* Channel.swift */; };
		231C4C361D48141F00EC74AC /* Channel.swift in Sources */ = {isa = PBXBuildFile; fileRef = 231C4C341D48141F00EC74AC /* Channel.swift */; };
		231C4C371D48141F00EC74AC /* Channel.swift in Sources */ = {isa = PBXBuildFile; fileRef = 231C4C341D48141F00EC74AC /* Channel.swift */; };
		231C4C391D48EBAE00EC74AC /* TestChannel.swift in Sources */ = {isa = PBXBuildFile; fileRef = 231C4C381D48EBAE00EC74AC /* TestChannel.swift */; };
		231C4C3A1D48EBAE00EC74AC /* TestChannel.swift in Sources */ = {isa = PBXBuildFile; fileRef = 231C4C381D48EBAE00EC74AC /* TestChannel.swift */; };
		231C4C481D4B925D00EC74AC /* WatchKitChannel.swift in Sources */ = {isa = PBXBuildFile; fileRef = 231C4C471D4B925D00EC74AC /* WatchKitChannel.swift */; };
		231C4C4A1D4B925D00EC74AC /* WatchKitChannel.swift in Sources */ = {isa = PBXBuildFile; fileRef = 231C4C471D4B925D00EC74AC /* WatchKitChannel.swift */; };
		231C4C501D4B936000EC74AC /* TestWatchKitChannel.swift in Sources */ = {isa = PBXBuildFile; fileRef = 231C4C4B1D4B92E100EC74AC /* TestWatchKitChannel.swift */; };
		231C4C531D4BAB8900EC74AC /* WatchKitChannelDriver.swift in Sources */ = {isa = PBXBuildFile; fileRef = 231C4C521D4BAB8900EC74AC /* WatchKitChannelDriver.swift */; };
		231C4C551D4BAB8900EC74AC /* WatchKitChannelDriver.swift in Sources */ = {isa = PBXBuildFile; fileRef = 231C4C521D4BAB8900EC74AC /* WatchKitChannelDriver.swift */; };
		231C4C581D4BB55600EC74AC /* LocalChannelDriver.swift in Sources */ = {isa = PBXBuildFile; fileRef = 231C4C571D4BB55600EC74AC /* LocalChannelDriver.swift */; };
		231C4C591D4BB55600EC74AC /* LocalChannelDriver.swift in Sources */ = {isa = PBXBuildFile; fileRef = 231C4C571D4BB55600EC74AC /* LocalChannelDriver.swift */; };
		231C4C5A1D4BB55600EC74AC /* LocalChannelDriver.swift in Sources */ = {isa = PBXBuildFile; fileRef = 231C4C571D4BB55600EC74AC /* LocalChannelDriver.swift */; };
		231C4C5C1D4BB59600EC74AC /* ChannelDriver.swift in Sources */ = {isa = PBXBuildFile; fileRef = 231C4C5B1D4BB59600EC74AC /* ChannelDriver.swift */; };
		231C4C5D1D4BB59600EC74AC /* ChannelDriver.swift in Sources */ = {isa = PBXBuildFile; fileRef = 231C4C5B1D4BB59600EC74AC /* ChannelDriver.swift */; };
		231C4C5E1D4BB59600EC74AC /* ChannelDriver.swift in Sources */ = {isa = PBXBuildFile; fileRef = 231C4C5B1D4BB59600EC74AC /* ChannelDriver.swift */; };
		231C4C601D4BB6DC00EC74AC /* EventBus.swift in Sources */ = {isa = PBXBuildFile; fileRef = 231C4C5F1D4BB6DC00EC74AC /* EventBus.swift */; };
		231C4C611D4BB6DC00EC74AC /* EventBus.swift in Sources */ = {isa = PBXBuildFile; fileRef = 231C4C5F1D4BB6DC00EC74AC /* EventBus.swift */; };
		231C4C621D4BB6DC00EC74AC /* EventBus.swift in Sources */ = {isa = PBXBuildFile; fileRef = 231C4C5F1D4BB6DC00EC74AC /* EventBus.swift */; };
		231C4C641D4BB72700EC74AC /* TestLocalChannelDriver.swift in Sources */ = {isa = PBXBuildFile; fileRef = 231C4C631D4BB72700EC74AC /* TestLocalChannelDriver.swift */; };
		231C4C651D4BB72700EC74AC /* TestLocalChannelDriver.swift in Sources */ = {isa = PBXBuildFile; fileRef = 231C4C631D4BB72700EC74AC /* TestLocalChannelDriver.swift */; };
		2327EAE41C0F7347004AC6BC /* Listener.swift in Sources */ = {isa = PBXBuildFile; fileRef = 2327EAE31C0F7347004AC6BC /* Listener.swift */; };
		2327EAE61C0F734E004AC6BC /* Handler.swift in Sources */ = {isa = PBXBuildFile; fileRef = 2327EAE51C0F734E004AC6BC /* Handler.swift */; };
		2327EAE81C0F7358004AC6BC /* Event.swift in Sources */ = {isa = PBXBuildFile; fileRef = 2327EAE71C0F7358004AC6BC /* Event.swift */; };
		2327EB201C0F7BCF004AC6BC /* Events.framework in Frameworks */ = {isa = PBXBuildFile; fileRef = 2327EB161C0F7BCF004AC6BC /* Events.framework */; };
		2327EB2D1C0F7C89004AC6BC /* Utils.swift in Sources */ = {isa = PBXBuildFile; fileRef = 2307EEBB1C0CAB9900843582 /* Utils.swift */; };
		2327EB301C0F7C97004AC6BC /* Listener.swift in Sources */ = {isa = PBXBuildFile; fileRef = 2327EAE31C0F7347004AC6BC /* Listener.swift */; };
		2327EB311C0F7C97004AC6BC /* Handler.swift in Sources */ = {isa = PBXBuildFile; fileRef = 2327EAE51C0F734E004AC6BC /* Handler.swift */; };
		2327EB321C0F7C97004AC6BC /* Event.swift in Sources */ = {isa = PBXBuildFile; fileRef = 2327EAE71C0F7358004AC6BC /* Event.swift */; };
		2347D0A01C5C1F9100B28395 /* Events.h in Headers */ = {isa = PBXBuildFile; fileRef = 2347D09F1C5C1F9100B28395 /* Events.h */; settings = {ATTRIBUTES = (Public, ); }; };
		2347D0A71C5C1FE000B28395 /* Utils.swift in Sources */ = {isa = PBXBuildFile; fileRef = 2307EEBB1C0CAB9900843582 /* Utils.swift */; };
		2347D0A81C5C1FE600B28395 /* Listener.swift in Sources */ = {isa = PBXBuildFile; fileRef = 2327EAE31C0F7347004AC6BC /* Listener.swift */; };
		2347D0A91C5C1FE900B28395 /* Handler.swift in Sources */ = {isa = PBXBuildFile; fileRef = 2327EAE51C0F734E004AC6BC /* Handler.swift */; };
		2347D0AA1C5C1FEC00B28395 /* Event.swift in Sources */ = {isa = PBXBuildFile; fileRef = 2327EAE71C0F7358004AC6BC /* Event.swift */; };
		2347D0BC1C5C214D00B28395 /* Events.h in Headers */ = {isa = PBXBuildFile; fileRef = 2307EE581C0BAE8000843582 /* Events.h */; settings = {ATTRIBUTES = (Public, ); }; };
		236F0F611D417B8E00E00940 /* EventManagerHost.swift in Sources */ = {isa = PBXBuildFile; fileRef = 236F0F601D417B8E00E00940 /* EventManagerHost.swift */; };
		236F0F621D417B8E00E00940 /* EventManagerHost.swift in Sources */ = {isa = PBXBuildFile; fileRef = 236F0F601D417B8E00E00940 /* EventManagerHost.swift */; };
		236F0F631D417B8E00E00940 /* EventManagerHost.swift in Sources */ = {isa = PBXBuildFile; fileRef = 236F0F601D417B8E00E00940 /* EventManagerHost.swift */; };
		236F0F651D417BE200E00940 /* EventManagerHost+ParameterlessCallback.swift in Sources */ = {isa = PBXBuildFile; fileRef = 236F0F641D417BE200E00940 /* EventManagerHost+ParameterlessCallback.swift */; };
		236F0F661D417BE200E00940 /* EventManagerHost+ParameterlessCallback.swift in Sources */ = {isa = PBXBuildFile; fileRef = 236F0F641D417BE200E00940 /* EventManagerHost+ParameterlessCallback.swift */; };
		236F0F671D417BE200E00940 /* EventManagerHost+ParameterlessCallback.swift in Sources */ = {isa = PBXBuildFile; fileRef = 236F0F641D417BE200E00940 /* EventManagerHost+ParameterlessCallback.swift */; };
		236F0F691D417C6900E00940 /* EventManagerHost+PublisherCallback.swift in Sources */ = {isa = PBXBuildFile; fileRef = 236F0F681D417C6900E00940 /* EventManagerHost+PublisherCallback.swift */; };
		236F0F6A1D417C6900E00940 /* EventManagerHost+PublisherCallback.swift in Sources */ = {isa = PBXBuildFile; fileRef = 236F0F681D417C6900E00940 /* EventManagerHost+PublisherCallback.swift */; };
		236F0F6B1D417C6900E00940 /* EventManagerHost+PublisherCallback.swift in Sources */ = {isa = PBXBuildFile; fileRef = 236F0F681D417C6900E00940 /* EventManagerHost+PublisherCallback.swift */; };
		236F0F6D1D417D4700E00940 /* EventManagerHost+PublisherDataCallback.swift in Sources */ = {isa = PBXBuildFile; fileRef = 236F0F6C1D417D4700E00940 /* EventManagerHost+PublisherDataCallback.swift */; };
		236F0F6E1D417D4700E00940 /* EventManagerHost+PublisherDataCallback.swift in Sources */ = {isa = PBXBuildFile; fileRef = 236F0F6C1D417D4700E00940 /* EventManagerHost+PublisherDataCallback.swift */; };
		236F0F6F1D417D4700E00940 /* EventManagerHost+PublisherDataCallback.swift in Sources */ = {isa = PBXBuildFile; fileRef = 236F0F6C1D417D4700E00940 /* EventManagerHost+PublisherDataCallback.swift */; };
		236F0F721D417E4600E00940 /* TypedEventManager.swift in Sources */ = {isa = PBXBuildFile; fileRef = 236F0F711D417E4600E00940 /* TypedEventManager.swift */; };
		236F0F731D417E4600E00940 /* TypedEventManager.swift in Sources */ = {isa = PBXBuildFile; fileRef = 236F0F711D417E4600E00940 /* TypedEventManager.swift */; };
		236F0F741D417E4600E00940 /* TypedEventManager.swift in Sources */ = {isa = PBXBuildFile; fileRef = 236F0F711D417E4600E00940 /* TypedEventManager.swift */; };
		236F0F771D41818200E00940 /* EventManager.swift in Sources */ = {isa = PBXBuildFile; fileRef = 236F0F761D41818200E00940 /* EventManager.swift */; };
		236F0F781D41818200E00940 /* EventManager.swift in Sources */ = {isa = PBXBuildFile; fileRef = 236F0F761D41818200E00940 /* EventManager.swift */; };
		236F0F791D41818200E00940 /* EventManager.swift in Sources */ = {isa = PBXBuildFile; fileRef = 236F0F761D41818200E00940 /* EventManager.swift */; };
		236F0F7B1D4182D300E00940 /* TypedEventManager+ParameterlessCallback.swift.swift in Sources */ = {isa = PBXBuildFile; fileRef = 236F0F7A1D4182D300E00940 /* TypedEventManager+ParameterlessCallback.swift.swift */; };
		236F0F7C1D4182D300E00940 /* TypedEventManager+ParameterlessCallback.swift.swift in Sources */ = {isa = PBXBuildFile; fileRef = 236F0F7A1D4182D300E00940 /* TypedEventManager+ParameterlessCallback.swift.swift */; };
		236F0F7D1D4182D300E00940 /* TypedEventManager+ParameterlessCallback.swift.swift in Sources */ = {isa = PBXBuildFile; fileRef = 236F0F7A1D4182D300E00940 /* TypedEventManager+ParameterlessCallback.swift.swift */; };
		236F0F7F1D41839300E00940 /* TypedEventManager+PublisherCallback.swift.swift in Sources */ = {isa = PBXBuildFile; fileRef = 236F0F7E1D41839300E00940 /* TypedEventManager+PublisherCallback.swift.swift */; };
		236F0F801D41839300E00940 /* TypedEventManager+PublisherCallback.swift.swift in Sources */ = {isa = PBXBuildFile; fileRef = 236F0F7E1D41839300E00940 /* TypedEventManager+PublisherCallback.swift.swift */; };
		236F0F811D41839300E00940 /* TypedEventManager+PublisherCallback.swift.swift in Sources */ = {isa = PBXBuildFile; fileRef = 236F0F7E1D41839300E00940 /* TypedEventManager+PublisherCallback.swift.swift */; };
		237441B61CC7D6E90001CFF4 /* Delay.swift in Sources */ = {isa = PBXBuildFile; fileRef = 237441B41CC7D6920001CFF4 /* Delay.swift */; };
		237441B71CC7D6E90001CFF4 /* Delay.swift in Sources */ = {isa = PBXBuildFile; fileRef = 237441B41CC7D6920001CFF4 /* Delay.swift */; };
		239F6DCA1D424E33009F8DDF /* TypedEventManager+PublisherDataCallback.swift in Sources */ = {isa = PBXBuildFile; fileRef = 239F6DC91D424E33009F8DDF /* TypedEventManager+PublisherDataCallback.swift */; };
		239F6DCB1D424E33009F8DDF /* TypedEventManager+PublisherDataCallback.swift in Sources */ = {isa = PBXBuildFile; fileRef = 239F6DC91D424E33009F8DDF /* TypedEventManager+PublisherDataCallback.swift */; };
		239F6DCC1D424E33009F8DDF /* TypedEventManager+PublisherDataCallback.swift in Sources */ = {isa = PBXBuildFile; fileRef = 239F6DC91D424E33009F8DDF /* TypedEventManager+PublisherDataCallback.swift */; };
		239F6DCF1D42577C009F8DDF /* TypedEventManagerHost.swift in Sources */ = {isa = PBXBuildFile; fileRef = 239F6DCE1D42577C009F8DDF /* TypedEventManagerHost.swift */; };
		239F6DD01D42577C009F8DDF /* TypedEventManagerHost.swift in Sources */ = {isa = PBXBuildFile; fileRef = 239F6DCE1D42577C009F8DDF /* TypedEventManagerHost.swift */; };
		239F6DD11D42577C009F8DDF /* TypedEventManagerHost.swift in Sources */ = {isa = PBXBuildFile; fileRef = 239F6DCE1D42577C009F8DDF /* TypedEventManagerHost.swift */; };
		23E394C31D3E9D330092F246 /* EventManageable.swift in Sources */ = {isa = PBXBuildFile; fileRef = 23E394C21D3E9D330092F246 /* EventManageable.swift */; };
		23E394C41D3E9D330092F246 /* EventManageable.swift in Sources */ = {isa = PBXBuildFile; fileRef = 23E394C21D3E9D330092F246 /* EventManageable.swift */; };
		23E394C51D3E9D330092F246 /* EventManageable.swift in Sources */ = {isa = PBXBuildFile; fileRef = 23E394C21D3E9D330092F246 /* EventManageable.swift */; };
		23E394C71D3E9D4E0092F246 /* EventManagerBase.swift in Sources */ = {isa = PBXBuildFile; fileRef = 23E394C61D3E9D4E0092F246 /* EventManagerBase.swift */; };
		23E394C81D3E9D4E0092F246 /* EventManagerBase.swift in Sources */ = {isa = PBXBuildFile; fileRef = 23E394C61D3E9D4E0092F246 /* EventManagerBase.swift */; };
		23E394C91D3E9D4E0092F246 /* EventManagerBase.swift in Sources */ = {isa = PBXBuildFile; fileRef = 23E394C61D3E9D4E0092F246 /* EventManagerBase.swift */; };
		23E394CB1D3E9D800092F246 /* EventManagerBase+Utils.swift in Sources */ = {isa = PBXBuildFile; fileRef = 23E394CA1D3E9D800092F246 /* EventManagerBase+Utils.swift */; };
		23E394CC1D3E9D800092F246 /* EventManagerBase+Utils.swift in Sources */ = {isa = PBXBuildFile; fileRef = 23E394CA1D3E9D800092F246 /* EventManagerBase+Utils.swift */; };
		23E394CD1D3E9D800092F246 /* EventManagerBase+Utils.swift in Sources */ = {isa = PBXBuildFile; fileRef = 23E394CA1D3E9D800092F246 /* EventManagerBase+Utils.swift */; };
		23E394CF1D3E9E950092F246 /* EventManager+ParameterlessCallback.swift in Sources */ = {isa = PBXBuildFile; fileRef = 23E394CE1D3E9E950092F246 /* EventManager+ParameterlessCallback.swift */; };
		23E394D01D3E9E950092F246 /* EventManager+ParameterlessCallback.swift in Sources */ = {isa = PBXBuildFile; fileRef = 23E394CE1D3E9E950092F246 /* EventManager+ParameterlessCallback.swift */; };
		23E394D11D3E9E950092F246 /* EventManager+ParameterlessCallback.swift in Sources */ = {isa = PBXBuildFile; fileRef = 23E394CE1D3E9E950092F246 /* EventManager+ParameterlessCallback.swift */; };
		23E394D31D3E9F150092F246 /* EventManager+PublisherCallback.swift in Sources */ = {isa = PBXBuildFile; fileRef = 23E394D21D3E9F150092F246 /* EventManager+PublisherCallback.swift */; };
		23E394D41D3E9F150092F246 /* EventManager+PublisherCallback.swift in Sources */ = {isa = PBXBuildFile; fileRef = 23E394D21D3E9F150092F246 /* EventManager+PublisherCallback.swift */; };
		23E394D51D3E9F150092F246 /* EventManager+PublisherCallback.swift in Sources */ = {isa = PBXBuildFile; fileRef = 23E394D21D3E9F150092F246 /* EventManager+PublisherCallback.swift */; };
		23E394D71D3E9FE20092F246 /* EventManager+PublisherDataCallback.swift in Sources */ = {isa = PBXBuildFile; fileRef = 23E394D61D3E9FE20092F246 /* EventManager+PublisherDataCallback.swift */; };
		23E394D81D3E9FE20092F246 /* EventManager+PublisherDataCallback.swift in Sources */ = {isa = PBXBuildFile; fileRef = 23E394D61D3E9FE20092F246 /* EventManager+PublisherDataCallback.swift */; };
		23E394D91D3E9FE20092F246 /* EventManager+PublisherDataCallback.swift in Sources */ = {isa = PBXBuildFile; fileRef = 23E394D61D3E9FE20092F246 /* EventManager+PublisherDataCallback.swift */; };
		23EC7B591D4BBC8F007B7740 /* TestWatchKitChannelDriver.swift in Sources */ = {isa = PBXBuildFile; fileRef = 23EC7B571D4BBC8F007B7740 /* TestWatchKitChannelDriver.swift */; };
		23EC7B5B1D4BD650007B7740 /* RequestArguments.swift in Sources */ = {isa = PBXBuildFile; fileRef = 23EC7B5A1D4BD650007B7740 /* RequestArguments.swift */; };
		23EC7B5C1D4BD650007B7740 /* RequestArguments.swift in Sources */ = {isa = PBXBuildFile; fileRef = 23EC7B5A1D4BD650007B7740 /* RequestArguments.swift */; };
		23EC7B5D1D4BD650007B7740 /* RequestArguments.swift in Sources */ = {isa = PBXBuildFile; fileRef = 23EC7B5A1D4BD650007B7740 /* RequestArguments.swift */; };
		23EC7B5F1D4BFE75007B7740 /* WatchKitSerializers.swift in Sources */ = {isa = PBXBuildFile; fileRef = 23EC7B5E1D4BFE75007B7740 /* WatchKitSerializers.swift */; };
		23EC7B601D4BFE75007B7740 /* WatchKitSerializers.swift in Sources */ = {isa = PBXBuildFile; fileRef = 23EC7B5E1D4BFE75007B7740 /* WatchKitSerializers.swift */; };
		23EC7B631D4D1383007B7740 /* MockWCSession.swift in Sources */ = {isa = PBXBuildFile; fileRef = 23EC7B611D4D0E4A007B7740 /* MockWCSession.swift */; };
/* End PBXBuildFile section */

/* Begin PBXContainerItemProxy section */
		2307EE611C0BAE8000843582 /* PBXContainerItemProxy */ = {
			isa = PBXContainerItemProxy;
			containerPortal = 2307EE4C1C0BAE8000843582 /* Project object */;
			proxyType = 1;
			remoteGlobalIDString = 2307EE541C0BAE8000843582;
			remoteInfo = Events;
		};
		2327EB211C0F7BCF004AC6BC /* PBXContainerItemProxy */ = {
			isa = PBXContainerItemProxy;
			containerPortal = 2307EE4C1C0BAE8000843582 /* Project object */;
			proxyType = 1;
			remoteGlobalIDString = 2327EB151C0F7BCF004AC6BC;
			remoteInfo = Events;
		};
/* End PBXContainerItemProxy section */

/* Begin PBXFileReference section */
		2307EE551C0BAE8000843582 /* Events.framework */ = {isa = PBXFileReference; explicitFileType = wrapper.framework; includeInIndex = 0; path = Events.framework; sourceTree = BUILT_PRODUCTS_DIR; };
		2307EE581C0BAE8000843582 /* Events.h */ = {isa = PBXFileReference; lastKnownFileType = sourcecode.c.h; path = Events.h; sourceTree = "<group>"; };
		2307EE5A1C0BAE8000843582 /* Info.plist */ = {isa = PBXFileReference; lastKnownFileType = text.plist.xml; path = Info.plist; sourceTree = "<group>"; };
		2307EE5F1C0BAE8000843582 /* EventsTests iOS.xctest */ = {isa = PBXFileReference; explicitFileType = wrapper.cfbundle; includeInIndex = 0; path = "EventsTests iOS.xctest"; sourceTree = BUILT_PRODUCTS_DIR; };
		2307EE661C0BAE8000843582 /* Info.plist */ = {isa = PBXFileReference; lastKnownFileType = text.plist.xml; path = Info.plist; sourceTree = "<group>"; };
		2307EEBB1C0CAB9900843582 /* Utils.swift */ = {isa = PBXFileReference; fileEncoding = 4; lastKnownFileType = sourcecode.swift; path = Utils.swift; sourceTree = "<group>"; };
		2307EEBF1C0F2D6E00843582 /* EventManagerHostTests.swift */ = {isa = PBXFileReference; fileEncoding = 4; lastKnownFileType = sourcecode.swift; path = EventManagerHostTests.swift; sourceTree = "<group>"; };
		230A0B401CCEAE3D00BCA5CD /* WatchConnectivity.framework */ = {isa = PBXFileReference; lastKnownFileType = wrapper.framework; name = WatchConnectivity.framework; path = System/Library/Frameworks/WatchConnectivity.framework; sourceTree = SDKROOT; };
		230A0B421CCEAE5700BCA5CD /* WatchConnectivity.framework */ = {isa = PBXFileReference; lastKnownFileType = wrapper.framework; name = WatchConnectivity.framework; path = Platforms/WatchOS.platform/Developer/SDKs/WatchOS2.2.sdk/System/Library/Frameworks/WatchConnectivity.framework; sourceTree = DEVELOPER_DIR; };
		231C4C0F1D42D4B000EC74AC /* TypedEventManagerHost+ParameterlessCallback.swift */ = {isa = PBXFileReference; fileEncoding = 4; lastKnownFileType = sourcecode.swift; path = "TypedEventManagerHost+ParameterlessCallback.swift"; sourceTree = "<group>"; };
		231C4C131D42D69600EC74AC /* TypedEventManagerHost+PublisherCallback.swift */ = {isa = PBXFileReference; fileEncoding = 4; lastKnownFileType = sourcecode.swift; path = "TypedEventManagerHost+PublisherCallback.swift"; sourceTree = "<group>"; };
		231C4C171D42D78900EC74AC /* TypedEventManagerHost+PublisherDataCallback.swift */ = {isa = PBXFileReference; fileEncoding = 4; lastKnownFileType = sourcecode.swift; path = "TypedEventManagerHost+PublisherDataCallback.swift"; sourceTree = "<group>"; };
		231C4C1B1D42DAD500EC74AC /* TestTypedEventManager.swift */ = {isa = PBXFileReference; fileEncoding = 4; lastKnownFileType = sourcecode.swift; path = TestTypedEventManager.swift; sourceTree = "<group>"; };
		231C4C211D42DB1C00EC74AC /* TypedEvents.swift */ = {isa = PBXFileReference; fileEncoding = 4; lastKnownFileType = sourcecode.swift; path = TypedEvents.swift; sourceTree = "<group>"; };
		231C4C241D42DDC400EC74AC /* TypedEventManagerHosts.swift */ = {isa = PBXFileReference; fileEncoding = 4; lastKnownFileType = sourcecode.swift; path = TypedEventManagerHosts.swift; sourceTree = "<group>"; };
		231C4C271D42DE6000EC74AC /* TestTypedEventManagerHost.swift */ = {isa = PBXFileReference; fileEncoding = 4; lastKnownFileType = sourcecode.swift; path = TestTypedEventManagerHost.swift; sourceTree = "<group>"; };
		231C4C2A1D42E2C500EC74AC /* TestEventManager.swift */ = {isa = PBXFileReference; fileEncoding = 4; lastKnownFileType = sourcecode.swift; path = TestEventManager.swift; sourceTree = "<group>"; };
		231C4C2D1D42E41700EC74AC /* TestEventManagerHost.swift */ = {isa = PBXFileReference; fileEncoding = 4; lastKnownFileType = sourcecode.swift; path = TestEventManagerHost.swift; sourceTree = "<group>"; };
		231C4C301D42E43000EC74AC /* EventManagerHosts.swift */ = {isa = PBXFileReference; fileEncoding = 4; lastKnownFileType = sourcecode.swift; path = EventManagerHosts.swift; sourceTree = "<group>"; };
		231C4C341D48141F00EC74AC /* Channel.swift */ = {isa = PBXFileReference; fileEncoding = 4; lastKnownFileType = sourcecode.swift; path = Channel.swift; sourceTree = "<group>"; };
		231C4C381D48EBAE00EC74AC /* TestChannel.swift */ = {isa = PBXFileReference; fileEncoding = 4; lastKnownFileType = sourcecode.swift; path = TestChannel.swift; sourceTree = "<group>"; };
		231C4C471D4B925D00EC74AC /* WatchKitChannel.swift */ = {isa = PBXFileReference; fileEncoding = 4; lastKnownFileType = sourcecode.swift; path = WatchKitChannel.swift; sourceTree = "<group>"; };
		231C4C4B1D4B92E100EC74AC /* TestWatchKitChannel.swift */ = {isa = PBXFileReference; fileEncoding = 4; lastKnownFileType = sourcecode.swift; path = TestWatchKitChannel.swift; sourceTree = "<group>"; };
		231C4C521D4BAB8900EC74AC /* WatchKitChannelDriver.swift */ = {isa = PBXFileReference; fileEncoding = 4; lastKnownFileType = sourcecode.swift; path = WatchKitChannelDriver.swift; sourceTree = "<group>"; };
		231C4C571D4BB55600EC74AC /* LocalChannelDriver.swift */ = {isa = PBXFileReference; fileEncoding = 4; lastKnownFileType = sourcecode.swift; path = LocalChannelDriver.swift; sourceTree = "<group>"; };
		231C4C5B1D4BB59600EC74AC /* ChannelDriver.swift */ = {isa = PBXFileReference; fileEncoding = 4; lastKnownFileType = sourcecode.swift; path = ChannelDriver.swift; sourceTree = "<group>"; };
		231C4C5F1D4BB6DC00EC74AC /* EventBus.swift */ = {isa = PBXFileReference; fileEncoding = 4; lastKnownFileType = sourcecode.swift; path = EventBus.swift; sourceTree = "<group>"; };
		231C4C631D4BB72700EC74AC /* TestLocalChannelDriver.swift */ = {isa = PBXFileReference; fileEncoding = 4; lastKnownFileType = sourcecode.swift; path = TestLocalChannelDriver.swift; sourceTree = "<group>"; };
		231E4B4C1D3C0C2500FAB75E /* Operators.swift */ = {isa = PBXFileReference; fileEncoding = 4; lastKnownFileType = sourcecode.swift; path = Operators.swift; sourceTree = "<group>"; };
		2327EADE1C0F508B004AC6BC /* MockObject.swift */ = {isa = PBXFileReference; fileEncoding = 4; lastKnownFileType = sourcecode.swift; path = MockObject.swift; sourceTree = "<group>"; };
		2327EAE31C0F7347004AC6BC /* Listener.swift */ = {isa = PBXFileReference; fileEncoding = 4; lastKnownFileType = sourcecode.swift; path = Listener.swift; sourceTree = "<group>"; };
		2327EAE51C0F734E004AC6BC /* Handler.swift */ = {isa = PBXFileReference; fileEncoding = 4; lastKnownFileType = sourcecode.swift; path = Handler.swift; sourceTree = "<group>"; };
		2327EAE71C0F7358004AC6BC /* Event.swift */ = {isa = PBXFileReference; fileEncoding = 4; lastKnownFileType = sourcecode.swift; path = Event.swift; sourceTree = "<group>"; };
		2327EAF11C0F771C004AC6BC /* EventViewController.swift */ = {isa = PBXFileReference; fileEncoding = 4; lastKnownFileType = sourcecode.swift; path = EventViewController.swift; sourceTree = "<group>"; };
		2327EAF31C0F7749004AC6BC /* EventView.swift */ = {isa = PBXFileReference; fileEncoding = 4; lastKnownFileType = sourcecode.swift; path = EventView.swift; sourceTree = "<group>"; };
		2327EB161C0F7BCF004AC6BC /* Events.framework */ = {isa = PBXFileReference; explicitFileType = wrapper.framework; includeInIndex = 0; path = Events.framework; sourceTree = BUILT_PRODUCTS_DIR; };
		2327EB1F1C0F7BCF004AC6BC /* EventsTests OSX.xctest */ = {isa = PBXFileReference; explicitFileType = wrapper.cfbundle; includeInIndex = 0; path = "EventsTests OSX.xctest"; sourceTree = BUILT_PRODUCTS_DIR; };
		2327EB331C0F7CAE004AC6BC /* EventViewController.swift */ = {isa = PBXFileReference; fileEncoding = 4; lastKnownFileType = sourcecode.swift; path = EventViewController.swift; sourceTree = "<group>"; };
		2327EB351C0F7CCB004AC6BC /* EventView.swift */ = {isa = PBXFileReference; fileEncoding = 4; lastKnownFileType = sourcecode.swift; path = EventView.swift; sourceTree = "<group>"; };
		2347D0971C5C1F6300B28395 /* Events iOS copy-Info.plist */ = {isa = PBXFileReference; lastKnownFileType = text.plist.xml; name = "Events iOS copy-Info.plist"; path = "/Users/aventurella/github/Events/Events iOS copy-Info.plist"; sourceTree = "<absolute>"; };
		2347D09D1C5C1F9100B28395 /* Events.framework */ = {isa = PBXFileReference; explicitFileType = wrapper.framework; includeInIndex = 0; path = Events.framework; sourceTree = BUILT_PRODUCTS_DIR; };
		2347D09F1C5C1F9100B28395 /* Events.h */ = {isa = PBXFileReference; lastKnownFileType = sourcecode.c.h; path = Events.h; sourceTree = "<group>"; };
		2347D0A11C5C1F9100B28395 /* Info.plist */ = {isa = PBXFileReference; lastKnownFileType = text.plist.xml; path = Info.plist; sourceTree = "<group>"; };
		236F0F601D417B8E00E00940 /* EventManagerHost.swift */ = {isa = PBXFileReference; fileEncoding = 4; lastKnownFileType = sourcecode.swift; path = EventManagerHost.swift; sourceTree = "<group>"; };
		236F0F641D417BE200E00940 /* EventManagerHost+ParameterlessCallback.swift */ = {isa = PBXFileReference; fileEncoding = 4; lastKnownFileType = sourcecode.swift; path = "EventManagerHost+ParameterlessCallback.swift"; sourceTree = "<group>"; };
		236F0F681D417C6900E00940 /* EventManagerHost+PublisherCallback.swift */ = {isa = PBXFileReference; fileEncoding = 4; lastKnownFileType = sourcecode.swift; path = "EventManagerHost+PublisherCallback.swift"; sourceTree = "<group>"; };
		236F0F6C1D417D4700E00940 /* EventManagerHost+PublisherDataCallback.swift */ = {isa = PBXFileReference; fileEncoding = 4; lastKnownFileType = sourcecode.swift; path = "EventManagerHost+PublisherDataCallback.swift"; sourceTree = "<group>"; };
		236F0F711D417E4600E00940 /* TypedEventManager.swift */ = {isa = PBXFileReference; fileEncoding = 4; lastKnownFileType = sourcecode.swift; path = TypedEventManager.swift; sourceTree = "<group>"; };
		236F0F761D41818200E00940 /* EventManager.swift */ = {isa = PBXFileReference; fileEncoding = 4; lastKnownFileType = sourcecode.swift; path = EventManager.swift; sourceTree = "<group>"; };
		236F0F7A1D4182D300E00940 /* TypedEventManager+ParameterlessCallback.swift.swift */ = {isa = PBXFileReference; fileEncoding = 4; lastKnownFileType = sourcecode.swift; path = "TypedEventManager+ParameterlessCallback.swift.swift"; sourceTree = "<group>"; };
		236F0F7E1D41839300E00940 /* TypedEventManager+PublisherCallback.swift.swift */ = {isa = PBXFileReference; fileEncoding = 4; lastKnownFileType = sourcecode.swift; path = "TypedEventManager+PublisherCallback.swift.swift"; sourceTree = "<group>"; };
		237441B41CC7D6920001CFF4 /* Delay.swift */ = {isa = PBXFileReference; fileEncoding = 4; lastKnownFileType = sourcecode.swift; path = Delay.swift; sourceTree = "<group>"; };
		239F6DC91D424E33009F8DDF /* TypedEventManager+PublisherDataCallback.swift */ = {isa = PBXFileReference; fileEncoding = 4; lastKnownFileType = sourcecode.swift; path = "TypedEventManager+PublisherDataCallback.swift"; sourceTree = "<group>"; };
		239F6DCE1D42577C009F8DDF /* TypedEventManagerHost.swift */ = {isa = PBXFileReference; fileEncoding = 4; lastKnownFileType = sourcecode.swift; path = TypedEventManagerHost.swift; sourceTree = "<group>"; };
		23A18F8F1C623E660081A11A /* NSNumberConversionTests.swift */ = {isa = PBXFileReference; fileEncoding = 4; lastKnownFileType = sourcecode.swift; path = NSNumberConversionTests.swift; sourceTree = "<group>"; };
		23E394C21D3E9D330092F246 /* EventManageable.swift */ = {isa = PBXFileReference; fileEncoding = 4; lastKnownFileType = sourcecode.swift; path = EventManageable.swift; sourceTree = "<group>"; };
		23E394C61D3E9D4E0092F246 /* EventManagerBase.swift */ = {isa = PBXFileReference; fileEncoding = 4; lastKnownFileType = sourcecode.swift; path = EventManagerBase.swift; sourceTree = "<group>"; };
		23E394CA1D3E9D800092F246 /* EventManagerBase+Utils.swift */ = {isa = PBXFileReference; fileEncoding = 4; lastKnownFileType = sourcecode.swift; path = "EventManagerBase+Utils.swift"; sourceTree = "<group>"; };
		23E394CE1D3E9E950092F246 /* EventManager+ParameterlessCallback.swift */ = {isa = PBXFileReference; fileEncoding = 4; lastKnownFileType = sourcecode.swift; path = "EventManager+ParameterlessCallback.swift"; sourceTree = "<group>"; };
		23E394D21D3E9F150092F246 /* EventManager+PublisherCallback.swift */ = {isa = PBXFileReference; fileEncoding = 4; lastKnownFileType = sourcecode.swift; path = "EventManager+PublisherCallback.swift"; sourceTree = "<group>"; };
		23E394D61D3E9FE20092F246 /* EventManager+PublisherDataCallback.swift */ = {isa = PBXFileReference; fileEncoding = 4; lastKnownFileType = sourcecode.swift; path = "EventManager+PublisherDataCallback.swift"; sourceTree = "<group>"; };
		23EC7B571D4BBC8F007B7740 /* TestWatchKitChannelDriver.swift */ = {isa = PBXFileReference; fileEncoding = 4; lastKnownFileType = sourcecode.swift; path = TestWatchKitChannelDriver.swift; sourceTree = "<group>"; };
		23EC7B5A1D4BD650007B7740 /* RequestArguments.swift */ = {isa = PBXFileReference; fileEncoding = 4; lastKnownFileType = sourcecode.swift; path = RequestArguments.swift; sourceTree = "<group>"; };
		23EC7B5E1D4BFE75007B7740 /* WatchKitSerializers.swift */ = {isa = PBXFileReference; fileEncoding = 4; lastKnownFileType = sourcecode.swift; path = WatchKitSerializers.swift; sourceTree = "<group>"; };
		23EC7B611D4D0E4A007B7740 /* MockWCSession.swift */ = {isa = PBXFileReference; fileEncoding = 4; lastKnownFileType = sourcecode.swift; path = MockWCSession.swift; sourceTree = "<group>"; };
/* End PBXFileReference section */

/* Begin PBXFrameworksBuildPhase section */
		2307EE511C0BAE8000843582 /* Frameworks */ = {
			isa = PBXFrameworksBuildPhase;
			buildActionMask = 2147483647;
			files = (
				230A0B411CCEAE3D00BCA5CD /* WatchConnectivity.framework in Frameworks */,
			);
			runOnlyForDeploymentPostprocessing = 0;
		};
		2307EE5C1C0BAE8000843582 /* Frameworks */ = {
			isa = PBXFrameworksBuildPhase;
			buildActionMask = 2147483647;
			files = (
				2307EE601C0BAE8000843582 /* Events.framework in Frameworks */,
			);
			runOnlyForDeploymentPostprocessing = 0;
		};
		2327EB121C0F7BCF004AC6BC /* Frameworks */ = {
			isa = PBXFrameworksBuildPhase;
			buildActionMask = 2147483647;
			files = (
			);
			runOnlyForDeploymentPostprocessing = 0;
		};
		2327EB1C1C0F7BCF004AC6BC /* Frameworks */ = {
			isa = PBXFrameworksBuildPhase;
			buildActionMask = 2147483647;
			files = (
				2327EB201C0F7BCF004AC6BC /* Events.framework in Frameworks */,
			);
			runOnlyForDeploymentPostprocessing = 0;
		};
		2347D0991C5C1F9100B28395 /* Frameworks */ = {
			isa = PBXFrameworksBuildPhase;
			buildActionMask = 2147483647;
			files = (
				230A0B431CCEAE5700BCA5CD /* WatchConnectivity.framework in Frameworks */,
			);
			runOnlyForDeploymentPostprocessing = 0;
		};
/* End PBXFrameworksBuildPhase section */

/* Begin PBXGroup section */
		2307EE4B1C0BAE8000843582 = {
			isa = PBXGroup;
			children = (
				2307EE571C0BAE8000843582 /* Events */,
				2307EE631C0BAE8000843582 /* EventsTests */,
				2347D09E1C5C1F9100B28395 /* Events */,
				2307EE561C0BAE8000843582 /* Products */,
				2347D0971C5C1F6300B28395 /* Events iOS copy-Info.plist */,
			);
			sourceTree = "<group>";
		};
		2307EE561C0BAE8000843582 /* Products */ = {
			isa = PBXGroup;
			children = (
				2307EE551C0BAE8000843582 /* Events.framework */,
				2307EE5F1C0BAE8000843582 /* EventsTests iOS.xctest */,
				2327EB161C0F7BCF004AC6BC /* Events.framework */,
				2327EB1F1C0F7BCF004AC6BC /* EventsTests OSX.xctest */,
				2347D09D1C5C1F9100B28395 /* Events.framework */,
			);
			name = Products;
			sourceTree = "<group>";
		};
		2307EE571C0BAE8000843582 /* Events */ = {
			isa = PBXGroup;
			children = (
				231C4C511D4BA99F00EC74AC /* EventBus */,
				231C4C331D48140700EC74AC /* Channels */,
				236F0F701D417E3C00E00940 /* TypedEventManager */,
				239F6DCD1D42575E009F8DDF /* TypedEventManagerHost */,
				236F0F751D41811300E00940 /* EventManager */,
				236F0F5F1D417B7000E00940 /* EventManagerHost */,
				23E394C11D3E9D150092F246 /* EventManagerBase */,
				2327EAEE1C0F76FE004AC6BC /* Platforms */,
				2327EAE21C0F733E004AC6BC /* Models */,
				2307EE581C0BAE8000843582 /* Events.h */,
				2307EE5A1C0BAE8000843582 /* Info.plist */,
				2307EEBB1C0CAB9900843582 /* Utils.swift */,
				231E4B4C1D3C0C2500FAB75E /* Operators.swift */,
			);
			path = Events;
			sourceTree = "<group>";
		};
		2307EE631C0BAE8000843582 /* EventsTests */ = {
			isa = PBXGroup;
			children = (
				2327EB371C0F7D52004AC6BC /* OSX */,
				2327EB381C0F7D62004AC6BC /* iOS */,
				2327EADD1C0F5074004AC6BC /* Utils */,
				2307EE661C0BAE8000843582 /* Info.plist */,
				2307EEBF1C0F2D6E00843582 /* EventManagerHostTests.swift */,
				23A18F8F1C623E660081A11A /* NSNumberConversionTests.swift */,
				231C4C2A1D42E2C500EC74AC /* TestEventManager.swift */,
				231C4C2D1D42E41700EC74AC /* TestEventManagerHost.swift */,
				231C4C1B1D42DAD500EC74AC /* TestTypedEventManager.swift */,
				231C4C271D42DE6000EC74AC /* TestTypedEventManagerHost.swift */,
				231C4C381D48EBAE00EC74AC /* TestChannel.swift */,
				231C4C4B1D4B92E100EC74AC /* TestWatchKitChannel.swift */,
				231C4C631D4BB72700EC74AC /* TestLocalChannelDriver.swift */,
				23EC7B571D4BBC8F007B7740 /* TestWatchKitChannelDriver.swift */,
			);
			path = EventsTests;
			sourceTree = "<group>";
		};
		230A0B451CCEB31800BCA5CD /* Frameworks */ = {
			isa = PBXGroup;
			children = (
				230A0B401CCEAE3D00BCA5CD /* WatchConnectivity.framework */,
			);
			name = Frameworks;
			sourceTree = "<group>";
		};
		230A0B461CCEB33900BCA5CD /* watchOS */ = {
			isa = PBXGroup;
			children = (
				230A0B471CCEB33F00BCA5CD /* Frameworks */,
			);
			path = watchOS;
			sourceTree = "<group>";
		};
		230A0B471CCEB33F00BCA5CD /* Frameworks */ = {
			isa = PBXGroup;
			children = (
				230A0B421CCEAE5700BCA5CD /* WatchConnectivity.framework */,
			);
			name = Frameworks;
			sourceTree = "<group>";
		};
		231C4C331D48140700EC74AC /* Channels */ = {
			isa = PBXGroup;
			children = (
				231C4C561D4BB53300EC74AC /* Drivers */,
				23EC7B5A1D4BD650007B7740 /* RequestArguments.swift */,
				231C4C341D48141F00EC74AC /* Channel.swift */,
				231C4C471D4B925D00EC74AC /* WatchKitChannel.swift */,
			);
			path = Channels;
			sourceTree = "<group>";
		};
		231C4C511D4BA99F00EC74AC /* EventBus */ = {
			isa = PBXGroup;
			children = (
				231C4C5F1D4BB6DC00EC74AC /* EventBus.swift */,
			);
			path = EventBus;
			sourceTree = "<group>";
		};
		231C4C561D4BB53300EC74AC /* Drivers */ = {
			isa = PBXGroup;
			children = (
				231C4C5B1D4BB59600EC74AC /* ChannelDriver.swift */,
				231C4C521D4BAB8900EC74AC /* WatchKitChannelDriver.swift */,
				23EC7B5E1D4BFE75007B7740 /* WatchKitSerializers.swift */,
				231C4C571D4BB55600EC74AC /* LocalChannelDriver.swift */,
			);
			path = Drivers;
			sourceTree = "<group>";
		};
		2327EADD1C0F5074004AC6BC /* Utils */ = {
			isa = PBXGroup;
			children = (
				2327EADE1C0F508B004AC6BC /* MockObject.swift */,
				23EC7B611D4D0E4A007B7740 /* MockWCSession.swift */,
				237441B41CC7D6920001CFF4 /* Delay.swift */,
				231C4C211D42DB1C00EC74AC /* TypedEvents.swift */,
				231C4C241D42DDC400EC74AC /* TypedEventManagerHosts.swift */,
				231C4C301D42E43000EC74AC /* EventManagerHosts.swift */,
			);
			path = Utils;
			sourceTree = "<group>";
		};
		2327EAE21C0F733E004AC6BC /* Models */ = {
			isa = PBXGroup;
			children = (
				2327EAE31C0F7347004AC6BC /* Listener.swift */,
				2327EAE51C0F734E004AC6BC /* Handler.swift */,
				2327EAE71C0F7358004AC6BC /* Event.swift */,
			);
			path = Models;
			sourceTree = "<group>";
		};
		2327EAEE1C0F76FE004AC6BC /* Platforms */ = {
			isa = PBXGroup;
			children = (
				230A0B461CCEB33900BCA5CD /* watchOS */,
				2327EAEF1C0F76FE004AC6BC /* iOS */,
				2327EAF01C0F76FE004AC6BC /* OSX */,
			);
			path = Platforms;
			sourceTree = "<group>";
		};
		2327EAEF1C0F76FE004AC6BC /* iOS */ = {
			isa = PBXGroup;
			children = (
				230A0B451CCEB31800BCA5CD /* Frameworks */,
				2327EAF11C0F771C004AC6BC /* EventViewController.swift */,
				2327EAF31C0F7749004AC6BC /* EventView.swift */,
			);
			path = iOS;
			sourceTree = "<group>";
		};
		2327EAF01C0F76FE004AC6BC /* OSX */ = {
			isa = PBXGroup;
			children = (
				2327EB331C0F7CAE004AC6BC /* EventViewController.swift */,
				2327EB351C0F7CCB004AC6BC /* EventView.swift */,
			);
			path = OSX;
			sourceTree = "<group>";
		};
		2327EB371C0F7D52004AC6BC /* OSX */ = {
			isa = PBXGroup;
			children = (
			);
			path = OSX;
			sourceTree = "<group>";
		};
		2327EB381C0F7D62004AC6BC /* iOS */ = {
			isa = PBXGroup;
			children = (
			);
			path = iOS;
			sourceTree = "<group>";
		};
		2347D09E1C5C1F9100B28395 /* Events */ = {
			isa = PBXGroup;
			children = (
				2347D09F1C5C1F9100B28395 /* Events.h */,
				2347D0A11C5C1F9100B28395 /* Info.plist */,
			);
			path = Events;
			sourceTree = "<group>";
		};
		236F0F5F1D417B7000E00940 /* EventManagerHost */ = {
			isa = PBXGroup;
			children = (
				236F0F601D417B8E00E00940 /* EventManagerHost.swift */,
				236F0F641D417BE200E00940 /* EventManagerHost+ParameterlessCallback.swift */,
				236F0F681D417C6900E00940 /* EventManagerHost+PublisherCallback.swift */,
				236F0F6C1D417D4700E00940 /* EventManagerHost+PublisherDataCallback.swift */,
			);
			path = EventManagerHost;
			sourceTree = "<group>";
		};
		236F0F701D417E3C00E00940 /* TypedEventManager */ = {
			isa = PBXGroup;
			children = (
				236F0F711D417E4600E00940 /* TypedEventManager.swift */,
				236F0F7A1D4182D300E00940 /* TypedEventManager+ParameterlessCallback.swift.swift */,
				236F0F7E1D41839300E00940 /* TypedEventManager+PublisherCallback.swift.swift */,
				239F6DC91D424E33009F8DDF /* TypedEventManager+PublisherDataCallback.swift */,
			);
			path = TypedEventManager;
			sourceTree = "<group>";
		};
		236F0F751D41811300E00940 /* EventManager */ = {
			isa = PBXGroup;
			children = (
				236F0F761D41818200E00940 /* EventManager.swift */,
				23E394CE1D3E9E950092F246 /* EventManager+ParameterlessCallback.swift */,
				23E394D21D3E9F150092F246 /* EventManager+PublisherCallback.swift */,
				23E394D61D3E9FE20092F246 /* EventManager+PublisherDataCallback.swift */,
			);
			path = EventManager;
			sourceTree = "<group>";
		};
		239F6DCD1D42575E009F8DDF /* TypedEventManagerHost */ = {
			isa = PBXGroup;
			children = (
				239F6DCE1D42577C009F8DDF /* TypedEventManagerHost.swift */,
				231C4C0F1D42D4B000EC74AC /* TypedEventManagerHost+ParameterlessCallback.swift */,
				231C4C131D42D69600EC74AC /* TypedEventManagerHost+PublisherCallback.swift */,
				231C4C171D42D78900EC74AC /* TypedEventManagerHost+PublisherDataCallback.swift */,
			);
			path = TypedEventManagerHost;
			sourceTree = "<group>";
		};
		23E394C11D3E9D150092F246 /* EventManagerBase */ = {
			isa = PBXGroup;
			children = (
				23E394C21D3E9D330092F246 /* EventManageable.swift */,
				23E394C61D3E9D4E0092F246 /* EventManagerBase.swift */,
				23E394CA1D3E9D800092F246 /* EventManagerBase+Utils.swift */,
			);
			path = EventManagerBase;
			sourceTree = "<group>";
		};
/* End PBXGroup section */

/* Begin PBXHeadersBuildPhase section */
		2307EE521C0BAE8000843582 /* Headers */ = {
			isa = PBXHeadersBuildPhase;
			buildActionMask = 2147483647;
			files = (
				2307EE591C0BAE8000843582 /* Events.h in Headers */,
			);
			runOnlyForDeploymentPostprocessing = 0;
		};
		2327EB131C0F7BCF004AC6BC /* Headers */ = {
			isa = PBXHeadersBuildPhase;
			buildActionMask = 2147483647;
			files = (
				2347D0BC1C5C214D00B28395 /* Events.h in Headers */,
			);
			runOnlyForDeploymentPostprocessing = 0;
		};
		2347D09A1C5C1F9100B28395 /* Headers */ = {
			isa = PBXHeadersBuildPhase;
			buildActionMask = 2147483647;
			files = (
				2347D0A01C5C1F9100B28395 /* Events.h in Headers */,
			);
			runOnlyForDeploymentPostprocessing = 0;
		};
/* End PBXHeadersBuildPhase section */

/* Begin PBXNativeTarget section */
		2307EE541C0BAE8000843582 /* Events iOS */ = {
			isa = PBXNativeTarget;
			buildConfigurationList = 2307EE691C0BAE8000843582 /* Build configuration list for PBXNativeTarget "Events iOS" */;
			buildPhases = (
				2307EE501C0BAE8000843582 /* Sources */,
				2307EE511C0BAE8000843582 /* Frameworks */,
				2307EE521C0BAE8000843582 /* Headers */,
				2307EE531C0BAE8000843582 /* Resources */,
			);
			buildRules = (
			);
			dependencies = (
			);
			name = "Events iOS";
			productName = Events;
			productReference = 2307EE551C0BAE8000843582 /* Events.framework */;
			productType = "com.apple.product-type.framework";
		};
		2307EE5E1C0BAE8000843582 /* EventsTests iOS */ = {
			isa = PBXNativeTarget;
			buildConfigurationList = 2307EE6C1C0BAE8000843582 /* Build configuration list for PBXNativeTarget "EventsTests iOS" */;
			buildPhases = (
				2307EE5B1C0BAE8000843582 /* Sources */,
				2307EE5C1C0BAE8000843582 /* Frameworks */,
				2307EE5D1C0BAE8000843582 /* Resources */,
			);
			buildRules = (
			);
			dependencies = (
				2307EE621C0BAE8000843582 /* PBXTargetDependency */,
			);
			name = "EventsTests iOS";
			productName = EventsTests;
			productReference = 2307EE5F1C0BAE8000843582 /* EventsTests iOS.xctest */;
			productType = "com.apple.product-type.bundle.unit-test";
		};
		2327EB151C0F7BCF004AC6BC /* Events OSX */ = {
			isa = PBXNativeTarget;
			buildConfigurationList = 2327EB271C0F7BCF004AC6BC /* Build configuration list for PBXNativeTarget "Events OSX" */;
			buildPhases = (
				2327EB111C0F7BCF004AC6BC /* Sources */,
				2327EB121C0F7BCF004AC6BC /* Frameworks */,
				2327EB131C0F7BCF004AC6BC /* Headers */,
				2327EB141C0F7BCF004AC6BC /* Resources */,
			);
			buildRules = (
			);
			dependencies = (
			);
			name = "Events OSX";
			productName = Events;
			productReference = 2327EB161C0F7BCF004AC6BC /* Events.framework */;
			productType = "com.apple.product-type.framework";
		};
		2327EB1E1C0F7BCF004AC6BC /* EventsTests OSX */ = {
			isa = PBXNativeTarget;
			buildConfigurationList = 2327EB2A1C0F7BCF004AC6BC /* Build configuration list for PBXNativeTarget "EventsTests OSX" */;
			buildPhases = (
				2327EB1B1C0F7BCF004AC6BC /* Sources */,
				2327EB1C1C0F7BCF004AC6BC /* Frameworks */,
				2327EB1D1C0F7BCF004AC6BC /* Resources */,
			);
			buildRules = (
			);
			dependencies = (
				2327EB221C0F7BCF004AC6BC /* PBXTargetDependency */,
			);
			name = "EventsTests OSX";
			productName = EventsTests;
			productReference = 2327EB1F1C0F7BCF004AC6BC /* EventsTests OSX.xctest */;
			productType = "com.apple.product-type.bundle.unit-test";
		};
		2347D09C1C5C1F9100B28395 /* Events Watch */ = {
			isa = PBXNativeTarget;
			buildConfigurationList = 2347D0A21C5C1F9100B28395 /* Build configuration list for PBXNativeTarget "Events Watch" */;
			buildPhases = (
				2347D0981C5C1F9100B28395 /* Sources */,
				2347D0991C5C1F9100B28395 /* Frameworks */,
				2347D09A1C5C1F9100B28395 /* Headers */,
				2347D09B1C5C1F9100B28395 /* Resources */,
			);
			buildRules = (
			);
			dependencies = (
			);
			name = "Events Watch";
			productName = Events;
			productReference = 2347D09D1C5C1F9100B28395 /* Events.framework */;
			productType = "com.apple.product-type.framework";
		};
/* End PBXNativeTarget section */

/* Begin PBXProject section */
		2307EE4C1C0BAE8000843582 /* Project object */ = {
			isa = PBXProject;
			attributes = {
				LastSwiftUpdateCheck = 0710;
				LastUpgradeCheck = 0800;
				ORGANIZATIONNAME = BLITZ;
				TargetAttributes = {
					2307EE541C0BAE8000843582 = {
						CreatedOnToolsVersion = 7.1.1;
						LastSwiftMigration = 0800;
						ProvisioningStyle = Automatic;
					};
					2307EE5E1C0BAE8000843582 = {
						CreatedOnToolsVersion = 7.1.1;
						LastSwiftMigration = 0800;
					};
					2327EB151C0F7BCF004AC6BC = {
						CreatedOnToolsVersion = 7.1.1;
						LastSwiftMigration = 0800;
					};
					2327EB1E1C0F7BCF004AC6BC = {
						CreatedOnToolsVersion = 7.1.1;
						LastSwiftMigration = 0800;
					};
					2347D09C1C5C1F9100B28395 = {
						CreatedOnToolsVersion = 7.2;
					};
				};
			};
			buildConfigurationList = 2307EE4F1C0BAE8000843582 /* Build configuration list for PBXProject "Events" */;
			compatibilityVersion = "Xcode 6.3";
			developmentRegion = English;
			hasScannedForEncodings = 0;
			knownRegions = (
				en,
			);
			mainGroup = 2307EE4B1C0BAE8000843582;
			productRefGroup = 2307EE561C0BAE8000843582 /* Products */;
			projectDirPath = "";
			projectRoot = "";
			targets = (
				2307EE541C0BAE8000843582 /* Events iOS */,
				2307EE5E1C0BAE8000843582 /* EventsTests iOS */,
				2327EB151C0F7BCF004AC6BC /* Events OSX */,
				2327EB1E1C0F7BCF004AC6BC /* EventsTests OSX */,
				2347D09C1C5C1F9100B28395 /* Events Watch */,
			);
		};
/* End PBXProject section */

/* Begin PBXResourcesBuildPhase section */
		2307EE531C0BAE8000843582 /* Resources */ = {
			isa = PBXResourcesBuildPhase;
			buildActionMask = 2147483647;
			files = (
			);
			runOnlyForDeploymentPostprocessing = 0;
		};
		2307EE5D1C0BAE8000843582 /* Resources */ = {
			isa = PBXResourcesBuildPhase;
			buildActionMask = 2147483647;
			files = (
			);
			runOnlyForDeploymentPostprocessing = 0;
		};
		2327EB141C0F7BCF004AC6BC /* Resources */ = {
			isa = PBXResourcesBuildPhase;
			buildActionMask = 2147483647;
			files = (
			);
			runOnlyForDeploymentPostprocessing = 0;
		};
		2327EB1D1C0F7BCF004AC6BC /* Resources */ = {
			isa = PBXResourcesBuildPhase;
			buildActionMask = 2147483647;
			files = (
			);
			runOnlyForDeploymentPostprocessing = 0;
		};
		2347D09B1C5C1F9100B28395 /* Resources */ = {
			isa = PBXResourcesBuildPhase;
			buildActionMask = 2147483647;
			files = (
			);
			runOnlyForDeploymentPostprocessing = 0;
		};
/* End PBXResourcesBuildPhase section */

/* Begin PBXSourcesBuildPhase section */
		2307EE501C0BAE8000843582 /* Sources */ = {
			isa = PBXSourcesBuildPhase;
			buildActionMask = 2147483647;
			files = (
				239F6DCA1D424E33009F8DDF /* TypedEventManager+PublisherDataCallback.swift in Sources */,
				236F0F691D417C6900E00940 /* EventManagerHost+PublisherCallback.swift in Sources */,
				236F0F611D417B8E00E00940 /* EventManagerHost.swift in Sources */,
				23E394D71D3E9FE20092F246 /* EventManager+PublisherDataCallback.swift in Sources */,
				231C4C5C1D4BB59600EC74AC /* ChannelDriver.swift in Sources */,
				23E394D31D3E9F150092F246 /* EventManager+PublisherCallback.swift in Sources */,
				236F0F7F1D41839300E00940 /* TypedEventManager+PublisherCallback.swift.swift in Sources */,
				23EC7B5B1D4BD650007B7740 /* RequestArguments.swift in Sources */,
				236F0F721D417E4600E00940 /* TypedEventManager.swift in Sources */,
				236F0F771D41818200E00940 /* EventManager.swift in Sources */,
				231C4C481D4B925D00EC74AC /* WatchKitChannel.swift in Sources */,
				2307EEBC1C0CAB9900843582 /* Utils.swift in Sources */,
				231C4C141D42D69600EC74AC /* TypedEventManagerHost+PublisherCallback.swift in Sources */,
				236F0F7B1D4182D300E00940 /* TypedEventManager+ParameterlessCallback.swift.swift in Sources */,
				236F0F6D1D417D4700E00940 /* EventManagerHost+PublisherDataCallback.swift in Sources */,
				2327EAE61C0F734E004AC6BC /* Handler.swift in Sources */,
				231C4C351D48141F00EC74AC /* Channel.swift in Sources */,
				2327EAE81C0F7358004AC6BC /* Event.swift in Sources */,
				23E394C71D3E9D4E0092F246 /* EventManagerBase.swift in Sources */,
				23EC7B631D4D1383007B7740 /* MockWCSession.swift in Sources */,
				231C4C581D4BB55600EC74AC /* LocalChannelDriver.swift in Sources */,
				231C4C601D4BB6DC00EC74AC /* EventBus.swift in Sources */,
				23EC7B5F1D4BFE75007B7740 /* WatchKitSerializers.swift in Sources */,
				236F0F651D417BE200E00940 /* EventManagerHost+ParameterlessCallback.swift in Sources */,
				2327EAE41C0F7347004AC6BC /* Listener.swift in Sources */,
				231C4C101D42D4B000EC74AC /* TypedEventManagerHost+ParameterlessCallback.swift in Sources */,
				23E394CB1D3E9D800092F246 /* EventManagerBase+Utils.swift in Sources */,
				231C4C531D4BAB8900EC74AC /* WatchKitChannelDriver.swift in Sources */,
				23E394CF1D3E9E950092F246 /* EventManager+ParameterlessCallback.swift in Sources */,
				231C4C181D42D78900EC74AC /* TypedEventManagerHost+PublisherDataCallback.swift in Sources */,
				23E394C31D3E9D330092F246 /* EventManageable.swift in Sources */,
				239F6DCF1D42577C009F8DDF /* TypedEventManagerHost.swift in Sources */,
			);
			runOnlyForDeploymentPostprocessing = 0;
		};
		2307EE5B1C0BAE8000843582 /* Sources */ = {
			isa = PBXSourcesBuildPhase;
			buildActionMask = 2147483647;
			files = (
				231C4C2E1D42E41700EC74AC /* TestEventManagerHost.swift in Sources */,
				231C4C1F1D42DB0600EC74AC /* TestTypedEventManager.swift in Sources */,
				23EC7B591D4BBC8F007B7740 /* TestWatchKitChannelDriver.swift in Sources */,
				231C4C251D42DDC400EC74AC /* TypedEventManagerHosts.swift in Sources */,
				231C4C641D4BB72700EC74AC /* TestLocalChannelDriver.swift in Sources */,
				231C4C2B1D42E2C500EC74AC /* TestEventManager.swift in Sources */,
				237441B61CC7D6E90001CFF4 /* Delay.swift in Sources */,
				231C4C501D4B936000EC74AC /* TestWatchKitChannel.swift in Sources */,
				231C4C391D48EBAE00EC74AC /* TestChannel.swift in Sources */,
				231C4C311D42E43000EC74AC /* EventManagerHosts.swift in Sources */,
				231C4C221D42DB1C00EC74AC /* TypedEvents.swift in Sources */,
				231C4C281D42DE6000EC74AC /* TestTypedEventManagerHost.swift in Sources */,
			);
			runOnlyForDeploymentPostprocessing = 0;
		};
		2327EB111C0F7BCF004AC6BC /* Sources */ = {
			isa = PBXSourcesBuildPhase;
			buildActionMask = 2147483647;
			files = (
				23EC7B5C1D4BD650007B7740 /* RequestArguments.swift in Sources */,
				239F6DCB1D424E33009F8DDF /* TypedEventManager+PublisherDataCallback.swift in Sources */,
				236F0F6A1D417C6900E00940 /* EventManagerHost+PublisherCallback.swift in Sources */,
				236F0F621D417B8E00E00940 /* EventManagerHost.swift in Sources */,
				23E394D81D3E9FE20092F246 /* EventManager+PublisherDataCallback.swift in Sources */,
				23E394D41D3E9F150092F246 /* EventManager+PublisherCallback.swift in Sources */,
				236F0F801D41839300E00940 /* TypedEventManager+PublisherCallback.swift.swift in Sources */,
				231C4C611D4BB6DC00EC74AC /* EventBus.swift in Sources */,
				236F0F731D417E4600E00940 /* TypedEventManager.swift in Sources */,
				236F0F781D41818200E00940 /* EventManager.swift in Sources */,
				2327EB2D1C0F7C89004AC6BC /* Utils.swift in Sources */,
				231C4C151D42D69600EC74AC /* TypedEventManagerHost+PublisherCallback.swift in Sources */,
				231C4C5D1D4BB59600EC74AC /* ChannelDriver.swift in Sources */,
				236F0F7C1D4182D300E00940 /* TypedEventManager+ParameterlessCallback.swift.swift in Sources */,
				236F0F6E1D417D4700E00940 /* EventManagerHost+PublisherDataCallback.swift in Sources */,
				2327EB311C0F7C97004AC6BC /* Handler.swift in Sources */,
				231C4C361D48141F00EC74AC /* Channel.swift in Sources */,
				2327EB321C0F7C97004AC6BC /* Event.swift in Sources */,
				23E394C81D3E9D4E0092F246 /* EventManagerBase.swift in Sources */,
				236F0F661D417BE200E00940 /* EventManagerHost+ParameterlessCallback.swift in Sources */,
				2327EB301C0F7C97004AC6BC /* Listener.swift in Sources */,
				231C4C111D42D4B000EC74AC /* TypedEventManagerHost+ParameterlessCallback.swift in Sources */,
				23E394CC1D3E9D800092F246 /* EventManagerBase+Utils.swift in Sources */,
				23E394D01D3E9E950092F246 /* EventManager+ParameterlessCallback.swift in Sources */,
				231C4C191D42D78900EC74AC /* TypedEventManagerHost+PublisherDataCallback.swift in Sources */,
				23E394C41D3E9D330092F246 /* EventManageable.swift in Sources */,
				239F6DD01D42577C009F8DDF /* TypedEventManagerHost.swift in Sources */,
				231C4C591D4BB55600EC74AC /* LocalChannelDriver.swift in Sources */,
			);
			runOnlyForDeploymentPostprocessing = 0;
		};
		2327EB1B1C0F7BCF004AC6BC /* Sources */ = {
			isa = PBXSourcesBuildPhase;
			buildActionMask = 2147483647;
			files = (
				231C4C2F1D42E41700EC74AC /* TestEventManagerHost.swift in Sources */,
				231C4C201D42DB0700EC74AC /* TestTypedEventManager.swift in Sources */,
				231C4C261D42DDC400EC74AC /* TypedEventManagerHosts.swift in Sources */,
				231C4C651D4BB72700EC74AC /* TestLocalChannelDriver.swift in Sources */,
				231C4C2C1D42E2C500EC74AC /* TestEventManager.swift in Sources */,
				237441B71CC7D6E90001CFF4 /* Delay.swift in Sources */,
				231C4C3A1D48EBAE00EC74AC /* TestChannel.swift in Sources */,
				231C4C321D42E43000EC74AC /* EventManagerHosts.swift in Sources */,
				231C4C231D42DB1C00EC74AC /* TypedEvents.swift in Sources */,
				231C4C291D42DE6000EC74AC /* TestTypedEventManagerHost.swift in Sources */,
			);
			runOnlyForDeploymentPostprocessing = 0;
		};
		2347D0981C5C1F9100B28395 /* Sources */ = {
			isa = PBXSourcesBuildPhase;
			buildActionMask = 2147483647;
			files = (
				239F6DCC1D424E33009F8DDF /* TypedEventManager+PublisherDataCallback.swift in Sources */,
				236F0F6B1D417C6900E00940 /* EventManagerHost+PublisherCallback.swift in Sources */,
				236F0F631D417B8E00E00940 /* EventManagerHost.swift in Sources */,
				23E394D91D3E9FE20092F246 /* EventManager+PublisherDataCallback.swift in Sources */,
				231C4C5E1D4BB59600EC74AC /* ChannelDriver.swift in Sources */,
				23E394D51D3E9F150092F246 /* EventManager+PublisherCallback.swift in Sources */,
				236F0F811D41839300E00940 /* TypedEventManager+PublisherCallback.swift.swift in Sources */,
				23EC7B5D1D4BD650007B7740 /* RequestArguments.swift in Sources */,
				236F0F741D417E4600E00940 /* TypedEventManager.swift in Sources */,
				236F0F791D41818200E00940 /* EventManager.swift in Sources */,
				231C4C4A1D4B925D00EC74AC /* WatchKitChannel.swift in Sources */,
				2347D0A71C5C1FE000B28395 /* Utils.swift in Sources */,
				231C4C161D42D69600EC74AC /* TypedEventManagerHost+PublisherCallback.swift in Sources */,
				236F0F7D1D4182D300E00940 /* TypedEventManager+ParameterlessCallback.swift.swift in Sources */,
				236F0F6F1D417D4700E00940 /* EventManagerHost+PublisherDataCallback.swift in Sources */,
				2347D0A91C5C1FE900B28395 /* Handler.swift in Sources */,
				231C4C371D48141F00EC74AC /* Channel.swift in Sources */,
				2347D0AA1C5C1FEC00B28395 /* Event.swift in Sources */,
				23E394C91D3E9D4E0092F246 /* EventManagerBase.swift in Sources */,
				231C4C5A1D4BB55600EC74AC /* LocalChannelDriver.swift in Sources */,
				231C4C621D4BB6DC00EC74AC /* EventBus.swift in Sources */,
				23EC7B601D4BFE75007B7740 /* WatchKitSerializers.swift in Sources */,
				236F0F671D417BE200E00940 /* EventManagerHost+ParameterlessCallback.swift in Sources */,
				2347D0A81C5C1FE600B28395 /* Listener.swift in Sources */,
				231C4C121D42D4B000EC74AC /* TypedEventManagerHost+ParameterlessCallback.swift in Sources */,
				23E394CD1D3E9D800092F246 /* EventManagerBase+Utils.swift in Sources */,
				231C4C551D4BAB8900EC74AC /* WatchKitChannelDriver.swift in Sources */,
				23E394D11D3E9E950092F246 /* EventManager+ParameterlessCallback.swift in Sources */,
				231C4C1A1D42D78900EC74AC /* TypedEventManagerHost+PublisherDataCallback.swift in Sources */,
				23E394C51D3E9D330092F246 /* EventManageable.swift in Sources */,
				239F6DD11D42577C009F8DDF /* TypedEventManagerHost.swift in Sources */,
			);
			runOnlyForDeploymentPostprocessing = 0;
		};
/* End PBXSourcesBuildPhase section */

/* Begin PBXTargetDependency section */
		2307EE621C0BAE8000843582 /* PBXTargetDependency */ = {
			isa = PBXTargetDependency;
			target = 2307EE541C0BAE8000843582 /* Events iOS */;
			targetProxy = 2307EE611C0BAE8000843582 /* PBXContainerItemProxy */;
		};
		2327EB221C0F7BCF004AC6BC /* PBXTargetDependency */ = {
			isa = PBXTargetDependency;
			target = 2327EB151C0F7BCF004AC6BC /* Events OSX */;
			targetProxy = 2327EB211C0F7BCF004AC6BC /* PBXContainerItemProxy */;
		};
/* End PBXTargetDependency section */

/* Begin XCBuildConfiguration section */
		2307EE671C0BAE8000843582 /* Debug */ = {
			isa = XCBuildConfiguration;
			buildSettings = {
				ALWAYS_SEARCH_USER_PATHS = NO;
				CLANG_CXX_LANGUAGE_STANDARD = "gnu++0x";
				CLANG_CXX_LIBRARY = "libc++";
				CLANG_ENABLE_MODULES = YES;
				CLANG_ENABLE_OBJC_ARC = YES;
				CLANG_WARN_BOOL_CONVERSION = YES;
				CLANG_WARN_CONSTANT_CONVERSION = YES;
				CLANG_WARN_DIRECT_OBJC_ISA_USAGE = YES_ERROR;
				CLANG_WARN_EMPTY_BODY = YES;
				CLANG_WARN_ENUM_CONVERSION = YES;
				CLANG_WARN_INT_CONVERSION = YES;
				CLANG_WARN_OBJC_ROOT_CLASS = YES_ERROR;
				CLANG_WARN_UNREACHABLE_CODE = YES;
				CLANG_WARN__DUPLICATE_METHOD_MATCH = YES;
				"CODE_SIGN_IDENTITY[sdk=iphoneos*]" = "iPhone Developer";
				COPY_PHASE_STRIP = NO;
				CURRENT_PROJECT_VERSION = 1;
				DEBUG_INFORMATION_FORMAT = dwarf;
				ENABLE_STRICT_OBJC_MSGSEND = YES;
				ENABLE_TESTABILITY = YES;
				GCC_C_LANGUAGE_STANDARD = gnu99;
				GCC_DYNAMIC_NO_PIC = NO;
				GCC_NO_COMMON_BLOCKS = YES;
				GCC_OPTIMIZATION_LEVEL = 0;
				GCC_PREPROCESSOR_DEFINITIONS = (
					"DEBUG=1",
					"$(inherited)",
				);
				GCC_WARN_64_TO_32_BIT_CONVERSION = YES;
				GCC_WARN_ABOUT_RETURN_TYPE = YES_ERROR;
				GCC_WARN_UNDECLARED_SELECTOR = YES;
				GCC_WARN_UNINITIALIZED_AUTOS = YES_AGGRESSIVE;
				GCC_WARN_UNUSED_FUNCTION = YES;
				GCC_WARN_UNUSED_VARIABLE = YES;
				IPHONEOS_DEPLOYMENT_TARGET = 8.0;
				MTL_ENABLE_DEBUG_INFO = YES;
				ONLY_ACTIVE_ARCH = YES;
				SDKROOT = iphoneos;
				SWIFT_OPTIMIZATION_LEVEL = "-Onone";
				TARGETED_DEVICE_FAMILY = "1,2";
				VERSIONING_SYSTEM = "apple-generic";
				VERSION_INFO_PREFIX = "";
			};
			name = Debug;
		};
		2307EE681C0BAE8000843582 /* Release */ = {
			isa = XCBuildConfiguration;
			buildSettings = {
				ALWAYS_SEARCH_USER_PATHS = NO;
				CLANG_CXX_LANGUAGE_STANDARD = "gnu++0x";
				CLANG_CXX_LIBRARY = "libc++";
				CLANG_ENABLE_MODULES = YES;
				CLANG_ENABLE_OBJC_ARC = YES;
				CLANG_WARN_BOOL_CONVERSION = YES;
				CLANG_WARN_CONSTANT_CONVERSION = YES;
				CLANG_WARN_DIRECT_OBJC_ISA_USAGE = YES_ERROR;
				CLANG_WARN_EMPTY_BODY = YES;
				CLANG_WARN_ENUM_CONVERSION = YES;
				CLANG_WARN_INT_CONVERSION = YES;
				CLANG_WARN_OBJC_ROOT_CLASS = YES_ERROR;
				CLANG_WARN_UNREACHABLE_CODE = YES;
				CLANG_WARN__DUPLICATE_METHOD_MATCH = YES;
				"CODE_SIGN_IDENTITY[sdk=iphoneos*]" = "iPhone Developer";
				COPY_PHASE_STRIP = NO;
				CURRENT_PROJECT_VERSION = 1;
				DEBUG_INFORMATION_FORMAT = "dwarf-with-dsym";
				ENABLE_NS_ASSERTIONS = NO;
				ENABLE_STRICT_OBJC_MSGSEND = YES;
				GCC_C_LANGUAGE_STANDARD = gnu99;
				GCC_NO_COMMON_BLOCKS = YES;
				GCC_WARN_64_TO_32_BIT_CONVERSION = YES;
				GCC_WARN_ABOUT_RETURN_TYPE = YES_ERROR;
				GCC_WARN_UNDECLARED_SELECTOR = YES;
				GCC_WARN_UNINITIALIZED_AUTOS = YES_AGGRESSIVE;
				GCC_WARN_UNUSED_FUNCTION = YES;
				GCC_WARN_UNUSED_VARIABLE = YES;
				IPHONEOS_DEPLOYMENT_TARGET = 8.0;
				MTL_ENABLE_DEBUG_INFO = NO;
				SDKROOT = iphoneos;
				TARGETED_DEVICE_FAMILY = "1,2";
				VALIDATE_PRODUCT = YES;
				VERSIONING_SYSTEM = "apple-generic";
				VERSION_INFO_PREFIX = "";
			};
			name = Release;
		};
		2307EE6A1C0BAE8000843582 /* Debug */ = {
			isa = XCBuildConfiguration;
			buildSettings = {
				APPLICATION_EXTENSION_API_ONLY = YES;
				CLANG_ENABLE_MODULES = YES;
				"CODE_SIGN_IDENTITY[sdk=iphoneos*]" = "iPhone Developer";
				DEFINES_MODULE = YES;
				DYLIB_COMPATIBILITY_VERSION = 1;
				DYLIB_CURRENT_VERSION = 1;
				DYLIB_INSTALL_NAME_BASE = "@rpath";
				INFOPLIST_FILE = Events/Info.plist;
				INSTALL_PATH = "$(LOCAL_LIBRARY_DIR)/Frameworks";
				IPHONEOS_DEPLOYMENT_TARGET = 9.0;
				LD_RUNPATH_SEARCH_PATHS = "$(inherited) @executable_path/Frameworks @loader_path/Frameworks";
				OTHER_SWIFT_FLAGS = "-DTEST";
				PRODUCT_BUNDLE_IDENTIFIER = com.blitzagency.Events;
				PRODUCT_NAME = Events;
				SKIP_INSTALL = YES;
				SWIFT_OPTIMIZATION_LEVEL = "-Onone";
				SWIFT_VERSION = 3.0;
			};
			name = Debug;
		};
		2307EE6B1C0BAE8000843582 /* Release */ = {
			isa = XCBuildConfiguration;
			buildSettings = {
				APPLICATION_EXTENSION_API_ONLY = YES;
				CLANG_ENABLE_MODULES = YES;
				"CODE_SIGN_IDENTITY[sdk=iphoneos*]" = "iPhone Developer";
				DEFINES_MODULE = YES;
				DYLIB_COMPATIBILITY_VERSION = 1;
				DYLIB_CURRENT_VERSION = 1;
				DYLIB_INSTALL_NAME_BASE = "@rpath";
				INFOPLIST_FILE = Events/Info.plist;
				INSTALL_PATH = "$(LOCAL_LIBRARY_DIR)/Frameworks";
				IPHONEOS_DEPLOYMENT_TARGET = 9.0;
				LD_RUNPATH_SEARCH_PATHS = "$(inherited) @executable_path/Frameworks @loader_path/Frameworks";
				OTHER_SWIFT_FLAGS = "-DTEST";
				PRODUCT_BUNDLE_IDENTIFIER = com.blitzagency.Events;
				PRODUCT_NAME = Events;
				SKIP_INSTALL = YES;
				SWIFT_OPTIMIZATION_LEVEL = "-Owholemodule";
				SWIFT_VERSION = 3.0;
			};
			name = Release;
		};
		2307EE6D1C0BAE8000843582 /* Debug */ = {
			isa = XCBuildConfiguration;
			buildSettings = {
				INFOPLIST_FILE = EventsTests/Info.plist;
				IPHONEOS_DEPLOYMENT_TARGET = 9.0;
				LD_RUNPATH_SEARCH_PATHS = "$(inherited) @executable_path/Frameworks @loader_path/Frameworks";
				PRODUCT_BUNDLE_IDENTIFIER = com.blitzagency.EventsTests;
				PRODUCT_NAME = "$(TARGET_NAME)";
				SWIFT_VERSION = 3.0;
			};
			name = Debug;
		};
		2307EE6E1C0BAE8000843582 /* Release */ = {
			isa = XCBuildConfiguration;
			buildSettings = {
				INFOPLIST_FILE = EventsTests/Info.plist;
				IPHONEOS_DEPLOYMENT_TARGET = 9.0;
				LD_RUNPATH_SEARCH_PATHS = "$(inherited) @executable_path/Frameworks @loader_path/Frameworks";
				PRODUCT_BUNDLE_IDENTIFIER = com.blitzagency.EventsTests;
				PRODUCT_NAME = "$(TARGET_NAME)";
				SWIFT_OPTIMIZATION_LEVEL = "-Owholemodule";
				SWIFT_VERSION = 3.0;
			};
			name = Release;
		};
		2327EB281C0F7BCF004AC6BC /* Debug */ = {
			isa = XCBuildConfiguration;
			buildSettings = {
				APPLICATION_EXTENSION_API_ONLY = YES;
				CODE_SIGN_IDENTITY = "-";
				COMBINE_HIDPI_IMAGES = YES;
				DEFINES_MODULE = YES;
				DYLIB_COMPATIBILITY_VERSION = 1;
				DYLIB_CURRENT_VERSION = 1;
				DYLIB_INSTALL_NAME_BASE = "@rpath";
				FRAMEWORK_VERSION = A;
				INFOPLIST_FILE = Events/Info.plist;
				INSTALL_PATH = "$(LOCAL_LIBRARY_DIR)/Frameworks";
				LD_RUNPATH_SEARCH_PATHS = "$(inherited) @executable_path/../Frameworks @loader_path/Frameworks";
				MACOSX_DEPLOYMENT_TARGET = 10.11;
				PRODUCT_BUNDLE_IDENTIFIER = com.blitzagency.Events;
				PRODUCT_NAME = Events;
				SDKROOT = macosx;
				SKIP_INSTALL = YES;
				SWIFT_VERSION = 3.0;
			};
			name = Debug;
		};
		2327EB291C0F7BCF004AC6BC /* Release */ = {
			isa = XCBuildConfiguration;
			buildSettings = {
				APPLICATION_EXTENSION_API_ONLY = YES;
				CODE_SIGN_IDENTITY = "-";
				COMBINE_HIDPI_IMAGES = YES;
				DEFINES_MODULE = YES;
				DYLIB_COMPATIBILITY_VERSION = 1;
				DYLIB_CURRENT_VERSION = 1;
				DYLIB_INSTALL_NAME_BASE = "@rpath";
				FRAMEWORK_VERSION = A;
				INFOPLIST_FILE = Events/Info.plist;
				INSTALL_PATH = "$(LOCAL_LIBRARY_DIR)/Frameworks";
				LD_RUNPATH_SEARCH_PATHS = "$(inherited) @executable_path/../Frameworks @loader_path/Frameworks";
				MACOSX_DEPLOYMENT_TARGET = 10.11;
				PRODUCT_BUNDLE_IDENTIFIER = com.blitzagency.Events;
				PRODUCT_NAME = Events;
				SDKROOT = macosx;
				SKIP_INSTALL = YES;
				SWIFT_OPTIMIZATION_LEVEL = "-Owholemodule";
				SWIFT_VERSION = 3.0;
			};
			name = Release;
		};
		2327EB2B1C0F7BCF004AC6BC /* Debug */ = {
			isa = XCBuildConfiguration;
			buildSettings = {
				CODE_SIGN_IDENTITY = "-";
				COMBINE_HIDPI_IMAGES = YES;
				INFOPLIST_FILE = EventsTests/Info.plist;
				LD_RUNPATH_SEARCH_PATHS = "$(inherited) @executable_path/../Frameworks @loader_path/../Frameworks";
				MACOSX_DEPLOYMENT_TARGET = 10.11;
				PRODUCT_BUNDLE_IDENTIFIER = com.blitzagency.EventsTests;
				PRODUCT_NAME = "$(TARGET_NAME)";
				SDKROOT = macosx;
				SWIFT_VERSION = 3.0;
			};
			name = Debug;
		};
		2327EB2C1C0F7BCF004AC6BC /* Release */ = {
			isa = XCBuildConfiguration;
			buildSettings = {
				CODE_SIGN_IDENTITY = "-";
				COMBINE_HIDPI_IMAGES = YES;
				INFOPLIST_FILE = EventsTests/Info.plist;
				LD_RUNPATH_SEARCH_PATHS = "$(inherited) @executable_path/../Frameworks @loader_path/../Frameworks";
				MACOSX_DEPLOYMENT_TARGET = 10.11;
				PRODUCT_BUNDLE_IDENTIFIER = com.blitzagency.EventsTests;
				PRODUCT_NAME = "$(TARGET_NAME)";
				SDKROOT = macosx;
				SWIFT_OPTIMIZATION_LEVEL = "-Owholemodule";
				SWIFT_VERSION = 3.0;
			};
			name = Release;
		};
		2347D0A31C5C1F9100B28395 /* Debug */ = {
			isa = XCBuildConfiguration;
			buildSettings = {
				APPLICATION_EXTENSION_API_ONLY = YES;
				DEFINES_MODULE = YES;
				DYLIB_COMPATIBILITY_VERSION = 1;
				DYLIB_CURRENT_VERSION = 1;
				DYLIB_INSTALL_NAME_BASE = "@rpath";
				INFOPLIST_FILE = Events/Info.plist;
				INSTALL_PATH = "$(LOCAL_LIBRARY_DIR)/Frameworks";
				LD_RUNPATH_SEARCH_PATHS = "$(inherited) @executable_path/Frameworks @loader_path/Frameworks";
				PRODUCT_BUNDLE_IDENTIFIER = com.blitzagency.Events;
				PRODUCT_NAME = Events;
				SDKROOT = watchos;
				SKIP_INSTALL = YES;
				TARGETED_DEVICE_FAMILY = 4;
				WATCHOS_DEPLOYMENT_TARGET = 2.1;
			};
			name = Debug;
		};
		2347D0A41C5C1F9100B28395 /* Release */ = {
			isa = XCBuildConfiguration;
			buildSettings = {
				APPLICATION_EXTENSION_API_ONLY = YES;
				DEFINES_MODULE = YES;
				DYLIB_COMPATIBILITY_VERSION = 1;
				DYLIB_CURRENT_VERSION = 1;
				DYLIB_INSTALL_NAME_BASE = "@rpath";
				INFOPLIST_FILE = Events/Info.plist;
				INSTALL_PATH = "$(LOCAL_LIBRARY_DIR)/Frameworks";
				LD_RUNPATH_SEARCH_PATHS = "$(inherited) @executable_path/Frameworks @loader_path/Frameworks";
				PRODUCT_BUNDLE_IDENTIFIER = com.blitzagency.Events;
				PRODUCT_NAME = Events;
				SDKROOT = watchos;
				SKIP_INSTALL = YES;
				SWIFT_OPTIMIZATION_LEVEL = "-Owholemodule";
				TARGETED_DEVICE_FAMILY = 4;
				WATCHOS_DEPLOYMENT_TARGET = 2.1;
			};
			name = Release;
		};
/* End XCBuildConfiguration section */

/* Begin XCConfigurationList section */
		2307EE4F1C0BAE8000843582 /* Build configuration list for PBXProject "Events" */ = {
			isa = XCConfigurationList;
			buildConfigurations = (
				2307EE671C0BAE8000843582 /* Debug */,
				2307EE681C0BAE8000843582 /* Release */,
			);
			defaultConfigurationIsVisible = 0;
			defaultConfigurationName = Release;
		};
		2307EE691C0BAE8000843582 /* Build configuration list for PBXNativeTarget "Events iOS" */ = {
			isa = XCConfigurationList;
			buildConfigurations = (
				2307EE6A1C0BAE8000843582 /* Debug */,
				2307EE6B1C0BAE8000843582 /* Release */,
			);
			defaultConfigurationIsVisible = 0;
			defaultConfigurationName = Release;
		};
		2307EE6C1C0BAE8000843582 /* Build configuration list for PBXNativeTarget "EventsTests iOS" */ = {
			isa = XCConfigurationList;
			buildConfigurations = (
				2307EE6D1C0BAE8000843582 /* Debug */,
				2307EE6E1C0BAE8000843582 /* Release */,
			);
			defaultConfigurationIsVisible = 0;
			defaultConfigurationName = Release;
		};
		2327EB271C0F7BCF004AC6BC /* Build configuration list for PBXNativeTarget "Events OSX" */ = {
			isa = XCConfigurationList;
			buildConfigurations = (
				2327EB281C0F7BCF004AC6BC /* Debug */,
				2327EB291C0F7BCF004AC6BC /* Release */,
			);
			defaultConfigurationIsVisible = 0;
			defaultConfigurationName = Release;
		};
		2327EB2A1C0F7BCF004AC6BC /* Build configuration list for PBXNativeTarget "EventsTests OSX" */ = {
			isa = XCConfigurationList;
			buildConfigurations = (
				2327EB2B1C0F7BCF004AC6BC /* Debug */,
				2327EB2C1C0F7BCF004AC6BC /* Release */,
			);
			defaultConfigurationIsVisible = 0;
			defaultConfigurationName = Release;
		};
		2347D0A21C5C1F9100B28395 /* Build configuration list for PBXNativeTarget "Events Watch" */ = {
			isa = XCConfigurationList;
			buildConfigurations = (
				2347D0A31C5C1F9100B28395 /* Debug */,
				2347D0A41C5C1F9100B28395 /* Release */,
			);
			defaultConfigurationIsVisible = 0;
			defaultConfigurationName = Release;
		};
/* End XCConfigurationList section */
	};
	rootObject = 2307EE4C1C0BAE8000843582 /* Project object */;
}
